<?xml version="1.0" encoding="utf-8"?>
<Project ToolsVersion="16.0" xmlns="http://schemas.microsoft.com/developer/msbuild/2003">
  <ItemGroup>
    <ClCompile Include="D:\Eleanor\E1\Classes\AppDelegate.cpp">
      <Filter>Source Files\Classes</Filter>
    </ClCompile>
    <ClCompile Include="D:\Eleanor\E1\Classes\HelloWorldScene.cpp">
      <Filter>Source Files\Classes</Filter>
    </ClCompile>
    <ClCompile Include="D:\Eleanor\E1\proj.win32\main.cpp">
      <Filter>Source Files\proj.win32</Filter>
    </ClCompile>
    <ClCompile Include="D:\Eleanor\E1\cocos2d\cocos\precheader.cpp">
      <Filter>Source Files</Filter>
    </ClCompile>
  </ItemGroup>
  <ItemGroup>
    <ClInclude Include="D:\Eleanor\E1\Classes\AppDelegate.h">
      <Filter>Source Files\Classes</Filter>
    </ClInclude>
    <ClInclude Include="D:\Eleanor\E1\Classes\HelloWorldScene.h">
      <Filter>Source Files\Classes</Filter>
    </ClInclude>
    <ClInclude Include="D:\Eleanor\E1\proj.win32\main.h">
      <Filter>Source Files\proj.win32</Filter>
    </ClInclude>
    <ClInclude Include="D:\Eleanor\E1\proj.win32\resource.h">
      <Filter>Source Files\proj.win32</Filter>
    </ClInclude>
    <ClInclude Include="D:\Eleanor\E1\Resources\9998578_original.png">
      <Filter>Resources</Filter>
    </ClInclude>
    <ClInclude Include="D:\Eleanor\E1\Resources\CloseNormal.png">
      <Filter>Resources</Filter>
    </ClInclude>
    <ClInclude Include="D:\Eleanor\E1\Resources\CloseSelected.png">
      <Filter>Resources</Filter>
    </ClInclude>
    <ClInclude Include="D:\Eleanor\E1\Resources\EleanorGUN1D.png">
      <Filter>Resources</Filter>
    </ClInclude>
    <ClInclude Include="D:\Eleanor\E1\Resources\EleanorGUN1L.png">
      <Filter>Resources</Filter>
    </ClInclude>
    <ClInclude Include="D:\Eleanor\E1\Resources\EleanorGUN1R.png">
      <Filter>Resources</Filter>
    </ClInclude>
    <ClInclude Include="D:\Eleanor\E1\Resources\EleanorGUN1U.png">
      <Filter>Resources</Filter>
    </ClInclude>
    <ClInclude Include="D:\Eleanor\E1\Resources\EleanorGUN2D.png">
      <Filter>Resources</Filter>
    </ClInclude>
    <ClInclude Include="D:\Eleanor\E1\Resources\EleanorGUN2L.png">
      <Filter>Resources</Filter>
    </ClInclude>
    <ClInclude Include="D:\Eleanor\E1\Resources\EleanorGUN2R.png">
      <Filter>Resources</Filter>
    </ClInclude>
    <ClInclude Include="D:\Eleanor\E1\Resources\EleanorGUN2U.png">
      <Filter>Resources</Filter>
    </ClInclude>
    <ClInclude Include="D:\Eleanor\E1\Resources\EleanorGUNStraightD.png">
      <Filter>Resources</Filter>
    </ClInclude>
    <ClInclude Include="D:\Eleanor\E1\Resources\EleanorGUNStraightL.png">
      <Filter>Resources</Filter>
    </ClInclude>
    <ClInclude Include="D:\Eleanor\E1\Resources\EleanorGUNStraightR.png">
      <Filter>Resources</Filter>
    </ClInclude>
    <ClInclude Include="D:\Eleanor\E1\Resources\EleanorGUNStraightU.png">
      <Filter>Resources</Filter>
    </ClInclude>
    <ClInclude Include="D:\Eleanor\E1\Resources\HelloWorld.png">
      <Filter>Resources</Filter>
    </ClInclude>
    <ClInclude Include="D:\Eleanor\E1\Resources\MapButton.png">
      <Filter>Resources</Filter>
    </ClInclude>
    <ClInclude Include="D:\Eleanor\E1\Resources\bar.png">
      <Filter>Resources</Filter>
    </ClInclude>
    <ClInclude Include="D:\Eleanor\E1\Resources\bullet.png">
      <Filter>Resources</Filter>
    </ClInclude>
    <ClInclude Include="D:\Eleanor\E1\Resources\bulletDown.png">
      <Filter>Resources</Filter>
    </ClInclude>
    <ClInclude Include="D:\Eleanor\E1\Resources\bulletLeft.png">
      <Filter>Resources</Filter>
    </ClInclude>
    <ClInclude Include="D:\Eleanor\E1\Resources\bulletRight.png">
      <Filter>Resources</Filter>
    </ClInclude>
    <ClInclude Include="D:\Eleanor\E1\Resources\buttonFire.png">
      <Filter>Resources</Filter>
    </ClInclude>
    <ClInclude Include="D:\Eleanor\E1\Resources\def.png">
      <Filter>Resources</Filter>
    </ClInclude>
    <ClInclude Include="D:\Eleanor\E1\Resources\defBul.png">
      <Filter>Resources</Filter>
    </ClInclude>
    <ClInclude Include="D:\Eleanor\E1\Resources\down.png">
      <Filter>Resources</Filter>
    </ClInclude>
    <ClInclude Include="D:\Eleanor\E1\Resources\ex1.png">
      <Filter>Resources</Filter>
    </ClInclude>
    <ClInclude Include="D:\Eleanor\E1\Resources\ex10.png">
      <Filter>Resources</Filter>
    </ClInclude>
    <ClInclude Include="D:\Eleanor\E1\Resources\ex11.png">
      <Filter>Resources</Filter>
    </ClInclude>
    <ClInclude Include="D:\Eleanor\E1\Resources\ex12.png">
      <Filter>Resources</Filter>
    </ClInclude>
    <ClInclude Include="D:\Eleanor\E1\Resources\ex13.png">
      <Filter>Resources</Filter>
    </ClInclude>
    <ClInclude Include="D:\Eleanor\E1\Resources\ex14.png">
      <Filter>Resources</Filter>
    </ClInclude>
    <ClInclude Include="D:\Eleanor\E1\Resources\ex2.png">
      <Filter>Resources</Filter>
    </ClInclude>
    <ClInclude Include="D:\Eleanor\E1\Resources\ex3.png">
      <Filter>Resources</Filter>
    </ClInclude>
    <ClInclude Include="D:\Eleanor\E1\Resources\ex4.png">
      <Filter>Resources</Filter>
    </ClInclude>
    <ClInclude Include="D:\Eleanor\E1\Resources\ex5.png">
      <Filter>Resources</Filter>
    </ClInclude>
    <ClInclude Include="D:\Eleanor\E1\Resources\ex6.png">
      <Filter>Resources</Filter>
    </ClInclude>
    <ClInclude Include="D:\Eleanor\E1\Resources\ex7.png">
      <Filter>Resources</Filter>
    </ClInclude>
    <ClInclude Include="D:\Eleanor\E1\Resources\ex8.png">
      <Filter>Resources</Filter>
    </ClInclude>
    <ClInclude Include="D:\Eleanor\E1\Resources\ex9.png">
      <Filter>Resources</Filter>
    </ClInclude>
    <ClInclude Include="D:\Eleanor\E1\Resources\floor.png">
      <Filter>Resources</Filter>
    </ClInclude>
    <ClInclude Include="D:\Eleanor\E1\Resources\fonts\Marker Felt.ttf">
      <Filter>Resources\fonts</Filter>
    </ClInclude>
    <ClInclude Include="D:\Eleanor\E1\Resources\fonts\arial.ttf">
      <Filter>Resources\fonts</Filter>
    </ClInclude>
    <ClInclude Include="D:\Eleanor\E1\Resources\left.png">
      <Filter>Resources</Filter>
    </ClInclude>
    <ClInclude Include="D:\Eleanor\E1\Resources\pig.jpg">
      <Filter>Resources</Filter>
    </ClInclude>
    <ClInclude Include="D:\Eleanor\E1\Resources\playerDown.png">
      <Filter>Resources</Filter>
    </ClInclude>
    <ClInclude Include="D:\Eleanor\E1\Resources\playerLeft.png">
      <Filter>Resources</Filter>
    </ClInclude>
    <ClInclude Include="D:\Eleanor\E1\Resources\playerRight.png">
      <Filter>Resources</Filter>
    </ClInclude>
    <ClInclude Include="D:\Eleanor\E1\Resources\playerUp.png">
      <Filter>Resources</Filter>
    </ClInclude>
    <ClInclude Include="D:\Eleanor\E1\Resources\portalCloseLeft.png">
      <Filter>Resources</Filter>
    </ClInclude>
    <ClInclude Include="D:\Eleanor\E1\Resources\portalCloseRight.png">
      <Filter>Resources</Filter>
    </ClInclude>
    <ClInclude Include="D:\Eleanor\E1\Resources\portalOpenLeft.png">
      <Filter>Resources</Filter>
    </ClInclude>
    <ClInclude Include="D:\Eleanor\E1\Resources\portalOpenRight.png">
      <Filter>Resources</Filter>
    </ClInclude>
    <ClInclude Include="D:\Eleanor\E1\Resources\res\.gitkeep">
      <Filter>Resources\res</Filter>
    </ClInclude>
    <ClInclude Include="D:\Eleanor\E1\Resources\right.png">
      <Filter>Resources</Filter>
    </ClInclude>
    <ClInclude Include="D:\Eleanor\E1\Resources\space.jpeg">
      <Filter>Resources</Filter>
    </ClInclude>
    <ClInclude Include="D:\Eleanor\E1\Resources\space.jpg">
      <Filter>Resources</Filter>
    </ClInclude>
    <ClInclude Include="D:\Eleanor\E1\Resources\tower.png">
      <Filter>Resources</Filter>
    </ClInclude>
    <ClInclude Include="D:\Eleanor\E1\Resources\up.png">
      <Filter>Resources</Filter>
    </ClInclude>
    <ClInclude Include="D:\Eleanor\E1\Resources\wall1.png">
      <Filter>Resources</Filter>
    </ClInclude>
    <ClInclude Include="D:\Eleanor\E1\Resources\wall400.png">
      <Filter>Resources</Filter>
    </ClInclude>
    <ClInclude Include="D:\Eleanor\E1\Resources\wall400v.png">
      <Filter>Resources</Filter>
    </ClInclude>
    <ClInclude Include="D:\Eleanor\E1\Resources\wall500.png">
      <Filter>Resources</Filter>
    </ClInclude>
    <ClInclude Include="D:\Eleanor\E1\Resources\wall500v.png">
      <Filter>Resources</Filter>
    </ClInclude>
    <ClInclude Include="D:\Eleanor\E1\Resources\zombieD.png">
      <Filter>Resources</Filter>
    </ClInclude>
    <ClInclude Include="D:\Eleanor\E1\Resources\zombieL.png">
      <Filter>Resources</Filter>
    </ClInclude>
    <ClInclude Include="D:\Eleanor\E1\Resources\zombieR.png">
      <Filter>Resources</Filter>
    </ClInclude>
    <ClInclude Include="D:\Eleanor\E1\Resources\zombieU.png">
      <Filter>Resources</Filter>
    </ClInclude>
  </ItemGroup>
  <ItemGroup>
    <CustomBuild Include="D:\Eleanor\E1\CMakeLists.txt" />
  </ItemGroup>
  <ItemGroup>
    <ResourceCompile Include="D:\Eleanor\E1\proj.win32\game.rc">
      <Filter>Source Files\proj.win32</Filter>
    </ResourceCompile>
  </ItemGroup>
  <ItemGroup>
    <Filter Include="Resources">
      <UniqueIdentifier>{A70DC964-52E9-3CCC-A6F3-917FBC15991D}</UniqueIdentifier>
    </Filter>
    <Filter Include="Resources\fonts">
      <UniqueIdentifier>{B345720D-D1DA-3277-865E-0BA4F81A9B67}</UniqueIdentifier>
    </Filter>
    <Filter Include="Resources\res">
      <UniqueIdentifier>{A792EC7A-4DC8-3372-8BBE-54E89BD5A309}</UniqueIdentifier>
    </Filter>
    <Filter Include="Source Files">
      <UniqueIdentifier>{2574A13F-33EE-3D16-9582-985A586D9601}</UniqueIdentifier>
    </Filter>
    <Filter Include="Source Files\Classes">
      <UniqueIdentifier>{174543C2-3A5F-3D37-86A9-0F5DDBEFEB38}</UniqueIdentifier>
    </Filter>
    <Filter Include="Source Files\proj.win32">
      <UniqueIdentifier>{A5A488A1-2730-363B-9EC7-A4E73B051E2F}</UniqueIdentifier>
    </Filter>
  </ItemGroup>
</Project>
